
Microsoft Visual Studio Solution File, Format Version 12.00
# Visual Studio 15
VisualStudioVersion = 15.0.28307.421
MinimumVisualStudioVersion = 10.0.40219.1
Project("{FAE04EC0-301F-11D3-BF4B-00C04F79EFBC}") = "XamarinCoverFlow.Android", "XamarinCoverFlow\XamarinCoverFlow.Android\XamarinCoverFlow.Android.csproj", "{2E2B3B56-E3F5-410B-8E69-D2D829277F3F}"
EndProject
Project("{FAE04EC0-301F-11D3-BF4B-00C04F79EFBC}") = "XamarinCoverFlow.iOS", "XamarinCoverFlow\XamarinCoverFlow.iOS\XamarinCoverFlow.iOS.csproj", "{F1AD0DBC-1164-4610-9921-6EB1CE59EC3E}"
EndProject
Project("{FAE04EC0-301F-11D3-BF4B-00C04F79EFBC}") = "XamarinCoverFlow.UWP", "XamarinCoverFlow\XamarinCoverFlow.UWP\XamarinCoverFlow.UWP.csproj", "{1C7B8491-FB5E-4AC9-844E-0D2AECDB23FD}"
EndProject
Project("{FAE04EC0-301F-11D3-BF4B-00C04F79EFBC}") = "XamarinCoverFlow", "XamarinCoverFlow\XamarinCoverFlow\XamarinCoverFlow.csproj", "{A7123A1A-195B-4903-B8BC-C393075537BF}"
EndProject
Global
	GlobalSection(SolutionConfigurationPlatforms) = preSolution
		Ad-Hoc|Any CPU = Ad-Hoc|Any CPU
		Ad-Hoc|ARM = Ad-Hoc|ARM
		Ad-Hoc|iPhone = Ad-Hoc|iPhone
		Ad-Hoc|iPhoneSimulator = Ad-Hoc|iPhoneSimulator
		Ad-Hoc|x64 = Ad-Hoc|x64
		Ad-Hoc|x86 = Ad-Hoc|x86
		AppStore|Any CPU = AppStore|Any CPU
		AppStore|ARM = AppStore|ARM
		AppStore|iPhone = AppStore|iPhone
		AppStore|iPhoneSimulator = AppStore|iPhoneSimulator
		AppStore|x64 = AppStore|x64
		AppStore|x86 = AppStore|x86
		Debug|Any CPU = Debug|Any CPU
		Debug|ARM = Debug|ARM
		Debug|iPhone = Debug|iPhone
		Debug|iPhoneSimulator = Debug|iPhoneSimulator
		Debug|x64 = Debug|x64
		Debug|x86 = Debug|x86
		Release|Any CPU = Release|Any CPU
		Release|ARM = Release|ARM
		Release|iPhone = Release|iPhone
		Release|iPhoneSimulator = Release|iPhoneSimulator
		Release|x64 = Release|x64
		Release|x86 = Release|x86
	EndGlobalSection
	GlobalSection(ProjectConfigurationPlatforms) = postSolution
		{2E2B3B56-E3F5-410B-8E69-D2D829277F3F}.Ad-Hoc|Any CPU.ActiveCfg = Release|Any CPU
		{2E2B3B56-E3F5-410B-8E69-D2D829277F3F}.Ad-Hoc|Any CPU.Build.0 = Release|Any CPU
		{2E2B3B56-E3F5-410B-8E69-D2D829277F3F}.Ad-Hoc|Any CPU.Deploy.0 = Release|Any CPU
		{2E2B3B56-E3F5-410B-8E69-D2D829277F3F}.Ad-Hoc|ARM.ActiveCfg = Release|Any CPU
		{2E2B3B56-E3F5-410B-8E69-D2D829277F3F}.Ad-Hoc|ARM.Build.0 = Release|Any CPU
		{2E2B3B56-E3F5-410B-8E69-D2D829277F3F}.Ad-Hoc|ARM.Deploy.0 = Release|Any CPU
		{2E2B3B56-E3F5-410B-8E69-D2D829277F3F}.Ad-Hoc|iPhone.ActiveCfg = Release|Any CPU
		{2E2B3B56-E3F5-410B-8E69-D2D829277F3F}.Ad-Hoc|iPhone.Build.0 = Release|Any CPU
		{2E2B3B56-E3F5-410B-8E69-D2D829277F3F}.Ad-Hoc|iPhone.Deploy.0 = Release|Any CPU
		{2E2B3B56-E3F5-410B-8E69-D2D829277F3F}.Ad-Hoc|iPhoneSimulator.ActiveCfg = Release|Any CPU
		{2E2B3B56-E3F5-410B-8E69-D2D829277F3F}.Ad-Hoc|iPhoneSimulator.Build.0 = Release|Any CPU
		{2E2B3B56-E3F5-410B-8E69-D2D829277F3F}.Ad-Hoc|iPhoneSimulator.Deploy.0 = Release|Any CPU
		{2E2B3B56-E3F5-410B-8E69-D2D829277F3F}.Ad-Hoc|x64.ActiveCfg = Release|Any CPU
		{2E2B3B56-E3F5-410B-8E69-D2D829277F3F}.Ad-Hoc|x64.Build.0 = Release|Any CPU
		{2E2B3B56-E3F5-410B-8E69-D2D829277F3F}.Ad-Hoc|x64.Deploy.0 = Release|Any CPU
		{2E2B3B56-E3F5-410B-8E69-D2D829277F3F}.Ad-Hoc|x86.ActiveCfg = Release|Any CPU
		{2E2B3B56-E3F5-410B-8E69-D2D829277F3F}.Ad-Hoc|x86.Build.0 = Release|Any CPU
		{2E2B3B56-E3F5-410B-8E69-D2D829277F3F}.Ad-Hoc|x86.Deploy.0 = Release|Any CPU
		{2E2B3B56-E3F5-410B-8E69-D2D829277F3F}.AppStore|Any CPU.ActiveCfg = Release|Any CPU
		{2E2B3B56-E3F5-410B-8E69-D2D829277F3F}.AppStore|Any CPU.Build.0 = Release|Any CPU
		{2E2B3B56-E3F5-410B-8E69-D2D829277F3F}.AppStore|Any CPU.Deploy.0 = Release|Any CPU
		{2E2B3B56-E3F5-410B-8E69-D2D829277F3F}.AppStore|ARM.ActiveCfg = Release|Any CPU
		{2E2B3B56-E3F5-410B-8E69-D2D829277F3F}.AppStore|ARM.Build.0 = Release|Any CPU
		{2E2B3B56-E3F5-410B-8E69-D2D829277F3F}.AppStore|ARM.Deploy.0 = Release|Any CPU
		{2E2B3B56-E3F5-410B-8E69-D2D829277F3F}.AppStore|iPhone.ActiveCfg = Release|Any CPU
		{2E2B3B56-E3F5-410B-8E69-D2D829277F3F}.AppStore|iPhone.Build.0 = Release|Any CPU
		{2E2B3B56-E3F5-410B-8E69-D2D829277F3F}.AppStore|iPhone.Deploy.0 = Release|Any CPU
		{2E2B3B56-E3F5-410B-8E69-D2D829277F3F}.AppStore|iPhoneSimulator.ActiveCfg = Release|Any CPU
		{2E2B3B56-E3F5-410B-8E69-D2D829277F3F}.AppStore|iPhoneSimulator.Build.0 = Release|Any CPU
		{2E2B3B56-E3F5-410B-8E69-D2D829277F3F}.AppStore|iPhoneSimulator.Deploy.0 = Release|Any CPU
		{2E2B3B56-E3F5-410B-8E69-D2D829277F3F}.AppStore|x64.ActiveCfg = Release|Any CPU
		{2E2B3B56-E3F5-410B-8E69-D2D829277F3F}.AppStore|x64.Build.0 = Release|Any CPU
		{2E2B3B56-E3F5-410B-8E69-D2D829277F3F}.AppStore|x64.Deploy.0 = Release|Any CPU
		{2E2B3B56-E3F5-410B-8E69-D2D829277F3F}.AppStore|x86.ActiveCfg = Release|Any CPU
		{2E2B3B56-E3F5-410B-8E69-D2D829277F3F}.AppStore|x86.Build.0 = Release|Any CPU
		{2E2B3B56-E3F5-410B-8E69-D2D829277F3F}.AppStore|x86.Deploy.0 = Release|Any CPU
		{2E2B3B56-E3F5-410B-8E69-D2D829277F3F}.Debug|Any CPU.ActiveCfg = Debug|Any CPU
		{2E2B3B56-E3F5-410B-8E69-D2D829277F3F}.Debug|Any CPU.Build.0 = Debug|Any CPU
		{2E2B3B56-E3F5-410B-8E69-D2D829277F3F}.Debug|Any CPU.Deploy.0 = Debug|Any CPU
		{2E2B3B56-E3F5-410B-8E69-D2D829277F3F}.Debug|ARM.ActiveCfg = Debug|Any CPU
		{2E2B3B56-E3F5-410B-8E69-D2D829277F3F}.Debug|ARM.Build.0 = Debug|Any CPU
		{2E2B3B56-E3F5-410B-8E69-D2D829277F3F}.Debug|ARM.Deploy.0 = Debug|Any CPU
		{2E2B3B56-E3F5-410B-8E69-D2D829277F3F}.Debug|iPhone.ActiveCfg = Debug|Any CPU
		{2E2B3B56-E3F5-410B-8E69-D2D829277F3F}.Debug|iPhone.Build.0 = Debug|Any CPU
		{2E2B3B56-E3F5-410B-8E69-D2D829277F3F}.Debug|iPhone.Deploy.0 = Debug|Any CPU
		{2E2B3B56-E3F5-410B-8E69-D2D829277F3F}.Debug|iPhoneSimulator.ActiveCfg = Debug|Any CPU
		{2E2B3B56-E3F5-410B-8E69-D2D829277F3F}.Debug|iPhoneSimulator.Build.0 = Debug|Any CPU
		{2E2B3B56-E3F5-410B-8E69-D2D829277F3F}.Debug|iPhoneSimulator.Deploy.0 = Debug|Any CPU
		{2E2B3B56-E3F5-410B-8E69-D2D829277F3F}.Debug|x64.ActiveCfg = Debug|Any CPU
		{2E2B3B56-E3F5-410B-8E69-D2D829277F3F}.Debug|x64.Build.0 = Debug|Any CPU
		{2E2B3B56-E3F5-410B-8E69-D2D829277F3F}.Debug|x64.Deploy.0 = Debug|Any CPU
		{2E2B3B56-E3F5-410B-8E69-D2D829277F3F}.Debug|x86.ActiveCfg = Debug|Any CPU
		{2E2B3B56-E3F5-410B-8E69-D2D829277F3F}.Debug|x86.Build.0 = Debug|Any CPU
		{2E2B3B56-E3F5-410B-8E69-D2D829277F3F}.Debug|x86.Deploy.0 = Debug|Any CPU
		{2E2B3B56-E3F5-410B-8E69-D2D829277F3F}.Release|Any CPU.ActiveCfg = Release|Any CPU
		{2E2B3B56-E3F5-410B-8E69-D2D829277F3F}.Release|Any CPU.Build.0 = Release|Any CPU
		{2E2B3B56-E3F5-410B-8E69-D2D829277F3F}.Release|Any CPU.Deploy.0 = Release|Any CPU
		{2E2B3B56-E3F5-410B-8E69-D2D829277F3F}.Release|ARM.ActiveCfg = Release|Any CPU
		{2E2B3B56-E3F5-410B-8E69-D2D829277F3F}.Release|ARM.Build.0 = Release|Any CPU
		{2E2B3B56-E3F5-410B-8E69-D2D829277F3F}.Release|ARM.Deploy.0 = Release|Any CPU
		{2E2B3B56-E3F5-410B-8E69-D2D829277F3F}.Release|iPhone.ActiveCfg = Release|Any CPU
		{2E2B3B56-E3F5-410B-8E69-D2D829277F3F}.Release|iPhone.Build.0 = Release|Any CPU
		{2E2B3B56-E3F5-410B-8E69-D2D829277F3F}.Release|iPhone.Deploy.0 = Release|Any CPU
		{2E2B3B56-E3F5-410B-8E69-D2D829277F3F}.Release|iPhoneSimulator.ActiveCfg = Release|Any CPU
		{2E2B3B56-E3F5-410B-8E69-D2D829277F3F}.Release|iPhoneSimulator.Build.0 = Release|Any CPU
		{2E2B3B56-E3F5-410B-8E69-D2D829277F3F}.Release|iPhoneSimulator.Deploy.0 = Release|Any CPU
		{2E2B3B56-E3F5-410B-8E69-D2D829277F3F}.Release|x64.ActiveCfg = Release|Any CPU
		{2E2B3B56-E3F5-410B-8E69-D2D829277F3F}.Release|x64.Build.0 = Release|Any CPU
		{2E2B3B56-E3F5-410B-8E69-D2D829277F3F}.Release|x64.Deploy.0 = Release|Any CPU
		{2E2B3B56-E3F5-410B-8E69-D2D829277F3F}.Release|x86.ActiveCfg = Release|Any CPU
		{2E2B3B56-E3F5-410B-8E69-D2D829277F3F}.Release|x86.Build.0 = Release|Any CPU
		{2E2B3B56-E3F5-410B-8E69-D2D829277F3F}.Release|x86.Deploy.0 = Release|Any CPU
		{F1AD0DBC-1164-4610-9921-6EB1CE59EC3E}.Ad-Hoc|Any CPU.ActiveCfg = Ad-Hoc|iPhone
		{F1AD0DBC-1164-4610-9921-6EB1CE59EC3E}.Ad-Hoc|Any CPU.Build.0 = Ad-Hoc|iPhone
		{F1AD0DBC-1164-4610-9921-6EB1CE59EC3E}.Ad-Hoc|Any CPU.Deploy.0 = Ad-Hoc|iPhone
		{F1AD0DBC-1164-4610-9921-6EB1CE59EC3E}.Ad-Hoc|ARM.ActiveCfg = Ad-Hoc|iPhone
		{F1AD0DBC-1164-4610-9921-6EB1CE59EC3E}.Ad-Hoc|ARM.Build.0 = Ad-Hoc|iPhone
		{F1AD0DBC-1164-4610-9921-6EB1CE59EC3E}.Ad-Hoc|ARM.Deploy.0 = Ad-Hoc|iPhone
		{F1AD0DBC-1164-4610-9921-6EB1CE59EC3E}.Ad-Hoc|iPhone.ActiveCfg = Ad-Hoc|iPhone
		{F1AD0DBC-1164-4610-9921-6EB1CE59EC3E}.Ad-Hoc|iPhone.Build.0 = Ad-Hoc|iPhone
		{F1AD0DBC-1164-4610-9921-6EB1CE59EC3E}.Ad-Hoc|iPhone.Deploy.0 = Ad-Hoc|iPhone
		{F1AD0DBC-1164-4610-9921-6EB1CE59EC3E}.Ad-Hoc|iPhoneSimulator.ActiveCfg = Ad-Hoc|iPhoneSimulator
		{F1AD0DBC-1164-4610-9921-6EB1CE59EC3E}.Ad-Hoc|iPhoneSimulator.Build.0 = Ad-Hoc|iPhoneSimulator
		{F1AD0DBC-1164-4610-9921-6EB1CE59EC3E}.Ad-Hoc|iPhoneSimulator.Deploy.0 = Ad-Hoc|iPhoneSimulator
		{F1AD0DBC-1164-4610-9921-6EB1CE59EC3E}.Ad-Hoc|x64.ActiveCfg = Ad-Hoc|iPhone
		{F1AD0DBC-1164-4610-9921-6EB1CE59EC3E}.Ad-Hoc|x64.Build.0 = Ad-Hoc|iPhone
		{F1AD0DBC-1164-4610-9921-6EB1CE59EC3E}.Ad-Hoc|x64.Deploy.0 = Ad-Hoc|iPhone
		{F1AD0DBC-1164-4610-9921-6EB1CE59EC3E}.Ad-Hoc|x86.ActiveCfg = Ad-Hoc|iPhone
		{F1AD0DBC-1164-4610-9921-6EB1CE59EC3E}.Ad-Hoc|x86.Build.0 = Ad-Hoc|iPhone
		{F1AD0DBC-1164-4610-9921-6EB1CE59EC3E}.Ad-Hoc|x86.Deploy.0 = Ad-Hoc|iPhone
		{F1AD0DBC-1164-4610-9921-6EB1CE59EC3E}.AppStore|Any CPU.ActiveCfg = AppStore|iPhone
		{F1AD0DBC-1164-4610-9921-6EB1CE59EC3E}.AppStore|Any CPU.Build.0 = AppStore|iPhone
		{F1AD0DBC-1164-4610-9921-6EB1CE59EC3E}.AppStore|Any CPU.Deploy.0 = AppStore|iPhone
		{F1AD0DBC-1164-4610-9921-6EB1CE59EC3E}.AppStore|ARM.ActiveCfg = AppStore|iPhone
		{F1AD0DBC-1164-4610-9921-6EB1CE59EC3E}.AppStore|ARM.Build.0 = AppStore|iPhone
		{F1AD0DBC-1164-4610-9921-6EB1CE59EC3E}.AppStore|ARM.Deploy.0 = AppStore|iPhone
		{F1AD0DBC-1164-4610-9921-6EB1CE59EC3E}.AppStore|iPhone.ActiveCfg = AppStore|iPhone
		{F1AD0DBC-1164-4610-9921-6EB1CE59EC3E}.AppStore|iPhone.Build.0 = AppStore|iPhone
		{F1AD0DBC-1164-4610-9921-6EB1CE59EC3E}.AppStore|iPhone.Deploy.0 = AppStore|iPhone
		{F1AD0DBC-1164-4610-9921-6EB1CE59EC3E}.AppStore|iPhoneSimulator.ActiveCfg = AppStore|iPhoneSimulator
		{F1AD0DBC-1164-4610-9921-6EB1CE59EC3E}.AppStore|iPhoneSimulator.Build.0 = AppStore|iPhoneSimulator
		{F1AD0DBC-1164-4610-9921-6EB1CE59EC3E}.AppStore|iPhoneSimulator.Deploy.0 = AppStore|iPhoneSimulator
		{F1AD0DBC-1164-4610-9921-6EB1CE59EC3E}.AppStore|x64.ActiveCfg = AppStore|iPhone
		{F1AD0DBC-1164-4610-9921-6EB1CE59EC3E}.AppStore|x64.Build.0 = AppStore|iPhone
		{F1AD0DBC-1164-4610-9921-6EB1CE59EC3E}.AppStore|x64.Deploy.0 = AppStore|iPhone
		{F1AD0DBC-1164-4610-9921-6EB1CE59EC3E}.AppStore|x86.ActiveCfg = AppStore|iPhone
		{F1AD0DBC-1164-4610-9921-6EB1CE59EC3E}.AppStore|x86.Build.0 = AppStore|iPhone
		{F1AD0DBC-1164-4610-9921-6EB1CE59EC3E}.AppStore|x86.Deploy.0 = AppStore|iPhone
		{F1AD0DBC-1164-4610-9921-6EB1CE59EC3E}.Debug|Any CPU.ActiveCfg = Debug|iPhoneSimulator
		{F1AD0DBC-1164-4610-9921-6EB1CE59EC3E}.Debug|Any CPU.Build.0 = Debug|iPhoneSimulator
		{F1AD0DBC-1164-4610-9921-6EB1CE59EC3E}.Debug|Any CPU.Deploy.0 = Debug|iPhoneSimulator
		{F1AD0DBC-1164-4610-9921-6EB1CE59EC3E}.Debug|ARM.ActiveCfg = Debug|iPhone
		{F1AD0DBC-1164-4610-9921-6EB1CE59EC3E}.Debug|ARM.Build.0 = Debug|iPhone
		{F1AD0DBC-1164-4610-9921-6EB1CE59EC3E}.Debug|ARM.Deploy.0 = Debug|iPhone
		{F1AD0DBC-1164-4610-9921-6EB1CE59EC3E}.Debug|iPhone.ActiveCfg = Debug|iPhone
		{F1AD0DBC-1164-4610-9921-6EB1CE59EC3E}.Debug|iPhone.Build.0 = Debug|iPhone
		{F1AD0DBC-1164-4610-9921-6EB1CE59EC3E}.Debug|iPhone.Deploy.0 = Debug|iPhone
		{F1AD0DBC-1164-4610-9921-6EB1CE59EC3E}.Debug|iPhoneSimulator.ActiveCfg = Debug|iPhoneSimulator
		{F1AD0DBC-1164-4610-9921-6EB1CE59EC3E}.Debug|iPhoneSimulator.Build.0 = Debug|iPhoneSimulator
		{F1AD0DBC-1164-4610-9921-6EB1CE59EC3E}.Debug|iPhoneSimulator.Deploy.0 = Debug|iPhoneSimulator
		{F1AD0DBC-1164-4610-9921-6EB1CE59EC3E}.Debug|x64.ActiveCfg = Debug|iPhone
		{F1AD0DBC-1164-4610-9921-6EB1CE59EC3E}.Debug|x64.Build.0 = Debug|iPhone
		{F1AD0DBC-1164-4610-9921-6EB1CE59EC3E}.Debug|x64.Deploy.0 = Debug|iPhone
		{F1AD0DBC-1164-4610-9921-6EB1CE59EC3E}.Debug|x86.ActiveCfg = Debug|iPhone
		{F1AD0DBC-1164-4610-9921-6EB1CE59EC3E}.Debug|x86.Build.0 = Debug|iPhone
		{F1AD0DBC-1164-4610-9921-6EB1CE59EC3E}.Debug|x86.Deploy.0 = Debug|iPhone
		{F1AD0DBC-1164-4610-9921-6EB1CE59EC3E}.Release|Any CPU.ActiveCfg = Release|iPhone
		{F1AD0DBC-1164-4610-9921-6EB1CE59EC3E}.Release|Any CPU.Build.0 = Release|iPhone
		{F1AD0DBC-1164-4610-9921-6EB1CE59EC3E}.Release|Any CPU.Deploy.0 = Release|iPhone
		{F1AD0DBC-1164-4610-9921-6EB1CE59EC3E}.Release|ARM.ActiveCfg = Release|iPhone
		{F1AD0DBC-1164-4610-9921-6EB1CE59EC3E}.Release|ARM.Build.0 = Release|iPhone
		{F1AD0DBC-1164-4610-9921-6EB1CE59EC3E}.Release|ARM.Deploy.0 = Release|iPhone
		{F1AD0DBC-1164-4610-9921-6EB1CE59EC3E}.Release|iPhone.ActiveCfg = Release|iPhone
		{F1AD0DBC-1164-4610-9921-6EB1CE59EC3E}.Release|iPhone.Build.0 = Release|iPhone
		{F1AD0DBC-1164-4610-9921-6EB1CE59EC3E}.Release|iPhone.Deploy.0 = Release|iPhone
		{F1AD0DBC-1164-4610-9921-6EB1CE59EC3E}.Release|iPhoneSimulator.ActiveCfg = Release|iPhoneSimulator
		{F1AD0DBC-1164-4610-9921-6EB1CE59EC3E}.Release|iPhoneSimulator.Build.0 = Release|iPhoneSimulator
		{F1AD0DBC-1164-4610-9921-6EB1CE59EC3E}.Release|iPhoneSimulator.Deploy.0 = Release|iPhoneSimulator
		{F1AD0DBC-1164-4610-9921-6EB1CE59EC3E}.Release|x64.ActiveCfg = Release|iPhone
		{F1AD0DBC-1164-4610-9921-6EB1CE59EC3E}.Release|x64.Build.0 = Release|iPhone
		{F1AD0DBC-1164-4610-9921-6EB1CE59EC3E}.Release|x64.Deploy.0 = Release|iPhone
		{F1AD0DBC-1164-4610-9921-6EB1CE59EC3E}.Release|x86.ActiveCfg = Release|iPhone
		{F1AD0DBC-1164-4610-9921-6EB1CE59EC3E}.Release|x86.Build.0 = Release|iPhone
		{F1AD0DBC-1164-4610-9921-6EB1CE59EC3E}.Release|x86.Deploy.0 = Release|iPhone
		{1C7B8491-FB5E-4AC9-844E-0D2AECDB23FD}.Ad-Hoc|Any CPU.ActiveCfg = Release|x86
		{1C7B8491-FB5E-4AC9-844E-0D2AECDB23FD}.Ad-Hoc|Any CPU.Build.0 = Release|x86
		{1C7B8491-FB5E-4AC9-844E-0D2AECDB23FD}.Ad-Hoc|Any CPU.Deploy.0 = Release|x86
		{1C7B8491-FB5E-4AC9-844E-0D2AECDB23FD}.Ad-Hoc|ARM.ActiveCfg = Release|ARM
		{1C7B8491-FB5E-4AC9-844E-0D2AECDB23FD}.Ad-Hoc|ARM.Build.0 = Release|ARM
		{1C7B8491-FB5E-4AC9-844E-0D2AECDB23FD}.Ad-Hoc|ARM.Deploy.0 = Release|ARM
		{1C7B8491-FB5E-4AC9-844E-0D2AECDB23FD}.Ad-Hoc|iPhone.ActiveCfg = Release|x86
		{1C7B8491-FB5E-4AC9-844E-0D2AECDB23FD}.Ad-Hoc|iPhone.Build.0 = Release|x86
		{1C7B8491-FB5E-4AC9-844E-0D2AECDB23FD}.Ad-Hoc|iPhone.Deploy.0 = Release|x86
		{1C7B8491-FB5E-4AC9-844E-0D2AECDB23FD}.Ad-Hoc|iPhoneSimulator.ActiveCfg = Release|x86
		{1C7B8491-FB5E-4AC9-844E-0D2AECDB23FD}.Ad-Hoc|iPhoneSimulator.Build.0 = Release|x86
		{1C7B8491-FB5E-4AC9-844E-0D2AECDB23FD}.Ad-Hoc|iPhoneSimulator.Deploy.0 = Release|x86
		{1C7B8491-FB5E-4AC9-844E-0D2AECDB23FD}.Ad-Hoc|x64.ActiveCfg = Release|x64
		{1C7B8491-FB5E-4AC9-844E-0D2AECDB23FD}.Ad-Hoc|x64.Build.0 = Release|x64
		{1C7B8491-FB5E-4AC9-844E-0D2AECDB23FD}.Ad-Hoc|x64.Deploy.0 = Release|x64
		{1C7B8491-FB5E-4AC9-844E-0D2AECDB23FD}.Ad-Hoc|x86.ActiveCfg = Release|x86
		{1C7B8491-FB5E-4AC9-844E-0D2AECDB23FD}.Ad-Hoc|x86.Build.0 = Release|x86
		{1C7B8491-FB5E-4AC9-844E-0D2AECDB23FD}.Ad-Hoc|x86.Deploy.0 = Release|x86
		{1C7B8491-FB5E-4AC9-844E-0D2AECDB23FD}.AppStore|Any CPU.ActiveCfg = Release|x86
		{1C7B8491-FB5E-4AC9-844E-0D2AECDB23FD}.AppStore|Any CPU.Build.0 = Release|x86
		{1C7B8491-FB5E-4AC9-844E-0D2AECDB23FD}.AppStore|Any CPU.Deploy.0 = Release|x86
		{1C7B8491-FB5E-4AC9-844E-0D2AECDB23FD}.AppStore|ARM.ActiveCfg = Release|ARM
		{1C7B8491-FB5E-4AC9-844E-0D2AECDB23FD}.AppStore|ARM.Build.0 = Release|ARM
		{1C7B8491-FB5E-4AC9-844E-0D2AECDB23FD}.AppStore|ARM.Deploy.0 = Release|ARM
		{1C7B8491-FB5E-4AC9-844E-0D2AECDB23FD}.AppStore|iPhone.ActiveCfg = Release|x86
		{1C7B8491-FB5E-4AC9-844E-0D2AECDB23FD}.AppStore|iPhone.Build.0 = Release|x86
		{1C7B8491-FB5E-4AC9-844E-0D2AECDB23FD}.AppStore|iPhone.Deploy.0 = Release|x86
		{1C7B8491-FB5E-4AC9-844E-0D2AECDB23FD}.AppStore|iPhoneSimulator.ActiveCfg = Release|x86
		{1C7B8491-FB5E-4AC9-844E-0D2AECDB23FD}.AppStore|iPhoneSimulator.Build.0 = Release|x86
		{1C7B8491-FB5E-4AC9-844E-0D2AECDB23FD}.AppStore|iPhoneSimulator.Deploy.0 = Release|x86
		{1C7B8491-FB5E-4AC9-844E-0D2AECDB23FD}.AppStore|x64.ActiveCfg = Release|x64
		{1C7B8491-FB5E-4AC9-844E-0D2AECDB23FD}.AppStore|x64.Build.0 = Release|x64
		{1C7B8491-FB5E-4AC9-844E-0D2AECDB23FD}.AppStore|x64.Deploy.0 = Release|x64
		{1C7B8491-FB5E-4AC9-844E-0D2AECDB23FD}.AppStore|x86.ActiveCfg = Release|x86
		{1C7B8491-FB5E-4AC9-844E-0D2AECDB23FD}.AppStore|x86.Build.0 = Release|x86
		{1C7B8491-FB5E-4AC9-844E-0D2AECDB23FD}.AppStore|x86.Deploy.0 = Release|x86
		{1C7B8491-FB5E-4AC9-844E-0D2AECDB23FD}.Debug|Any CPU.ActiveCfg = Debug|x86
		{1C7B8491-FB5E-4AC9-844E-0D2AECDB23FD}.Debug|Any CPU.Build.0 = Debug|x86
		{1C7B8491-FB5E-4AC9-844E-0D2AECDB23FD}.Debug|Any CPU.Deploy.0 = Debug|x86
		{1C7B8491-FB5E-4AC9-844E-0D2AECDB23FD}.Debug|ARM.ActiveCfg = Debug|ARM
		{1C7B8491-FB5E-4AC9-844E-0D2AECDB23FD}.Debug|ARM.Build.0 = Debug|ARM
		{1C7B8491-FB5E-4AC9-844E-0D2AECDB23FD}.Debug|ARM.Deploy.0 = Debug|ARM
		{1C7B8491-FB5E-4AC9-844E-0D2AECDB23FD}.Debug|iPhone.ActiveCfg = Debug|x86
		{1C7B8491-FB5E-4AC9-844E-0D2AECDB23FD}.Debug|iPhone.Build.0 = Debug|x86
		{1C7B8491-FB5E-4AC9-844E-0D2AECDB23FD}.Debug|iPhone.Deploy.0 = Debug|x86
		{1C7B8491-FB5E-4AC9-844E-0D2AECDB23FD}.Debug|iPhoneSimulator.ActiveCfg = Debug|x86
		{1C7B8491-FB5E-4AC9-844E-0D2AECDB23FD}.Debug|iPhoneSimulator.Build.0 = Debug|x86
		{1C7B8491-FB5E-4AC9-844E-0D2AECDB23FD}.Debug|iPhoneSimulator.Deploy.0 = Debug|x86
		{1C7B8491-FB5E-4AC9-844E-0D2AECDB23FD}.Debug|x64.ActiveCfg = Debug|x64
		{1C7B8491-FB5E-4AC9-844E-0D2AECDB23FD}.Debug|x64.Build.0 = Debug|x64
		{1C7B8491-FB5E-4AC9-844E-0D2AECDB23FD}.Debug|x64.Deploy.0 = Debug|x64
		{1C7B8491-FB5E-4AC9-844E-0D2AECDB23FD}.Debug|x86.ActiveCfg = Debug|x86
		{1C7B8491-FB5E-4AC9-844E-0D2AECDB23FD}.Debug|x86.Build.0 = Debug|x86
		{1C7B8491-FB5E-4AC9-844E-0D2AECDB23FD}.Debug|x86.Deploy.0 = Debug|x86
		{1C7B8491-FB5E-4AC9-844E-0D2AECDB23FD}.Release|Any CPU.ActiveCfg = Release|x86
		{1C7B8491-FB5E-4AC9-844E-0D2AECDB23FD}.Release|Any CPU.Build.0 = Release|x86
		{1C7B8491-FB5E-4AC9-844E-0D2AECDB23FD}.Release|Any CPU.Deploy.0 = Release|x86
		{1C7B8491-FB5E-4AC9-844E-0D2AECDB23FD}.Release|ARM.ActiveCfg = Release|ARM
		{1C7B8491-FB5E-4AC9-844E-0D2AECDB23FD}.Release|ARM.Build.0 = Release|ARM
		{1C7B8491-FB5E-4AC9-844E-0D2AECDB23FD}.Release|ARM.Deploy.0 = Release|ARM
		{1C7B8491-FB5E-4AC9-844E-0D2AECDB23FD}.Release|iPhone.ActiveCfg = Release|x86
		{1C7B8491-FB5E-4AC9-844E-0D2AECDB23FD}.Release|iPhone.Build.0 = Release|x86
		{1C7B8491-FB5E-4AC9-844E-0D2AECDB23FD}.Release|iPhone.Deploy.0 = Release|x86
		{1C7B8491-FB5E-4AC9-844E-0D2AECDB23FD}.Release|iPhoneSimulator.ActiveCfg = Release|x86
		{1C7B8491-FB5E-4AC9-844E-0D2AECDB23FD}.Release|iPhoneSimulator.Build.0 = Release|x86
		{1C7B8491-FB5E-4AC9-844E-0D2AECDB23FD}.Release|iPhoneSimulator.Deploy.0 = Release|x86
		{1C7B8491-FB5E-4AC9-844E-0D2AECDB23FD}.Release|x64.ActiveCfg = Release|x64
		{1C7B8491-FB5E-4AC9-844E-0D2AECDB23FD}.Release|x64.Build.0 = Release|x64
		{1C7B8491-FB5E-4AC9-844E-0D2AECDB23FD}.Release|x64.Deploy.0 = Release|x64
		{1C7B8491-FB5E-4AC9-844E-0D2AECDB23FD}.Release|x86.ActiveCfg = Release|x86
		{1C7B8491-FB5E-4AC9-844E-0D2AECDB23FD}.Release|x86.Build.0 = Release|x86
		{1C7B8491-FB5E-4AC9-844E-0D2AECDB23FD}.Release|x86.Deploy.0 = Release|x86
		{A7123A1A-195B-4903-B8BC-C393075537BF}.Ad-Hoc|Any CPU.ActiveCfg = Debug|Any CPU
		{A7123A1A-195B-4903-B8BC-C393075537BF}.Ad-Hoc|Any CPU.Build.0 = Debug|Any CPU
		{A7123A1A-195B-4903-B8BC-C393075537BF}.Ad-Hoc|Any CPU.Deploy.0 = Debug|Any CPU
		{A7123A1A-195B-4903-B8BC-C393075537BF}.Ad-Hoc|ARM.ActiveCfg = Debug|Any CPU
		{A7123A1A-195B-4903-B8BC-C393075537BF}.Ad-Hoc|ARM.Build.0 = Debug|Any CPU
		{A7123A1A-195B-4903-B8BC-C393075537BF}.Ad-Hoc|ARM.Deploy.0 = Debug|Any CPU
		{A7123A1A-195B-4903-B8BC-C393075537BF}.Ad-Hoc|iPhone.ActiveCfg = Debug|Any CPU
		{A7123A1A-195B-4903-B8BC-C393075537BF}.Ad-Hoc|iPhone.Build.0 = Debug|Any CPU
		{A7123A1A-195B-4903-B8BC-C393075537BF}.Ad-Hoc|iPhone.Deploy.0 = Debug|Any CPU
		{A7123A1A-195B-4903-B8BC-C393075537BF}.Ad-Hoc|iPhoneSimulator.ActiveCfg = Debug|Any CPU
		{A7123A1A-195B-4903-B8BC-C393075537BF}.Ad-Hoc|iPhoneSimulator.Build.0 = Debug|Any CPU
		{A7123A1A-195B-4903-B8BC-C393075537BF}.Ad-Hoc|iPhoneSimulator.Deploy.0 = Debug|Any CPU
		{A7123A1A-195B-4903-B8BC-C393075537BF}.Ad-Hoc|x64.ActiveCfg = Debug|Any CPU
		{A7123A1A-195B-4903-B8BC-C393075537BF}.Ad-Hoc|x64.Build.0 = Debug|Any CPU
		{A7123A1A-195B-4903-B8BC-C393075537BF}.Ad-Hoc|x64.Deploy.0 = Debug|Any CPU
		{A7123A1A-195B-4903-B8BC-C393075537BF}.Ad-Hoc|x86.ActiveCfg = Debug|Any CPU
		{A7123A1A-195B-4903-B8BC-C393075537BF}.Ad-Hoc|x86.Build.0 = Debug|Any CPU
		{A7123A1A-195B-4903-B8BC-C393075537BF}.Ad-Hoc|x86.Deploy.0 = Debug|Any CPU
		{A7123A1A-195B-4903-B8BC-C393075537BF}.AppStore|Any CPU.ActiveCfg = Debug|Any CPU
		{A7123A1A-195B-4903-B8BC-C393075537BF}.AppStore|Any CPU.Build.0 = Debug|Any CPU
		{A7123A1A-195B-4903-B8BC-C393075537BF}.AppStore|Any CPU.Deploy.0 = Debug|Any CPU
		{A7123A1A-195B-4903-B8BC-C393075537BF}.AppStore|ARM.ActiveCfg = Debug|Any CPU
		{A7123A1A-195B-4903-B8BC-C393075537BF}.AppStore|ARM.Build.0 = Debug|Any CPU
		{A7123A1A-195B-4903-B8BC-C393075537BF}.AppStore|ARM.Deploy.0 = Debug|Any CPU
		{A7123A1A-195B-4903-B8BC-C393075537BF}.AppStore|iPhone.ActiveCfg = Debug|Any CPU
		{A7123A1A-195B-4903-B8BC-C393075537BF}.AppStore|iPhone.Build.0 = Debug|Any CPU
		{A7123A1A-195B-4903-B8BC-C393075537BF}.AppStore|iPhone.Deploy.0 = Debug|Any CPU
		{A7123A1A-195B-4903-B8BC-C393075537BF}.AppStore|iPhoneSimulator.ActiveCfg = Debug|Any CPU
		{A7123A1A-195B-4903-B8BC-C393075537BF}.AppStore|iPhoneSimulator.Build.0 = Debug|Any CPU
		{A7123A1A-195B-4903-B8BC-C393075537BF}.AppStore|iPhoneSimulator.Deploy.0 = Debug|Any CPU
		{A7123A1A-195B-4903-B8BC-C393075537BF}.AppStore|x64.ActiveCfg = Debug|Any CPU
		{A7123A1A-195B-4903-B8BC-C393075537BF}.AppStore|x64.Build.0 = Debug|Any CPU
		{A7123A1A-195B-4903-B8BC-C393075537BF}.AppStore|x64.Deploy.0 = Debug|Any CPU
		{A7123A1A-195B-4903-B8BC-C393075537BF}.AppStore|x86.ActiveCfg = Debug|Any CPU
		{A7123A1A-195B-4903-B8BC-C393075537BF}.AppStore|x86.Build.0 = Debug|Any CPU
		{A7123A1A-195B-4903-B8BC-C393075537BF}.AppStore|x86.Deploy.0 = Debug|Any CPU
		{A7123A1A-195B-4903-B8BC-C393075537BF}.Debug|Any CPU.ActiveCfg = Debug|Any CPU
		{A7123A1A-195B-4903-B8BC-C393075537BF}.Debug|Any CPU.Build.0 = Debug|Any CPU
		{A7123A1A-195B-4903-B8BC-C393075537BF}.Debug|Any CPU.Deploy.0 = Debug|Any CPU
		{A7123A1A-195B-4903-B8BC-C393075537BF}.Debug|ARM.ActiveCfg = Debug|Any CPU
		{A7123A1A-195B-4903-B8BC-C393075537BF}.Debug|ARM.Build.0 = Debug|Any CPU
		{A7123A1A-195B-4903-B8BC-C393075537BF}.Debug|ARM.Deploy.0 = Debug|Any CPU
		{A7123A1A-195B-4903-B8BC-C393075537BF}.Debug|iPhone.ActiveCfg = Debug|Any CPU
		{A7123A1A-195B-4903-B8BC-C393075537BF}.Debug|iPhone.Build.0 = Debug|Any CPU
		{A7123A1A-195B-4903-B8BC-C393075537BF}.Debug|iPhone.Deploy.0 = Debug|Any CPU
		{A7123A1A-195B-4903-B8BC-C393075537BF}.Debug|iPhoneSimulator.ActiveCfg = Debug|Any CPU
		{A7123A1A-195B-4903-B8BC-C393075537BF}.Debug|iPhoneSimulator.Build.0 = Debug|Any CPU
		{A7123A1A-195B-4903-B8BC-C393075537BF}.Debug|iPhoneSimulator.Deploy.0 = Debug|Any CPU
		{A7123A1A-195B-4903-B8BC-C393075537BF}.Debug|x64.ActiveCfg = Debug|Any CPU
		{A7123A1A-195B-4903-B8BC-C393075537BF}.Debug|x64.Build.0 = Debug|Any CPU
		{A7123A1A-195B-4903-B8BC-C393075537BF}.Debug|x64.Deploy.0 = Debug|Any CPU
		{A7123A1A-195B-4903-B8BC-C393075537BF}.Debug|x86.ActiveCfg = Debug|Any CPU
		{A7123A1A-195B-4903-B8BC-C393075537BF}.Debug|x86.Build.0 = Debug|Any CPU
		{A7123A1A-195B-4903-B8BC-C393075537BF}.Debug|x86.Deploy.0 = Debug|Any CPU
		{A7123A1A-195B-4903-B8BC-C393075537BF}.Release|Any CPU.ActiveCfg = Release|Any CPU
		{A7123A1A-195B-4903-B8BC-C393075537BF}.Release|Any CPU.Build.0 = Release|Any CPU
		{A7123A1A-195B-4903-B8BC-C393075537BF}.Release|Any CPU.Deploy.0 = Release|Any CPU
		{A7123A1A-195B-4903-B8BC-C393075537BF}.Release|ARM.ActiveCfg = Release|Any CPU
		{A7123A1A-195B-4903-B8BC-C393075537BF}.Release|ARM.Build.0 = Release|Any CPU
		{A7123A1A-195B-4903-B8BC-C393075537BF}.Release|ARM.Deploy.0 = Release|Any CPU
		{A7123A1A-195B-4903-B8BC-C393075537BF}.Release|iPhone.ActiveCfg = Release|Any CPU
		{A7123A1A-195B-4903-B8BC-C393075537BF}.Release|iPhone.Build.0 = Release|Any CPU
		{A7123A1A-195B-4903-B8BC-C393075537BF}.Release|iPhone.Deploy.0 = Release|Any CPU
		{A7123A1A-195B-4903-B8BC-C393075537BF}.Release|iPhoneSimulator.ActiveCfg = Release|Any CPU
		{A7123A1A-195B-4903-B8BC-C393075537BF}.Release|iPhoneSimulator.Build.0 = Release|Any CPU
		{A7123A1A-195B-4903-B8BC-C393075537BF}.Release|iPhoneSimulator.Deploy.0 = Release|Any CPU
		{A7123A1A-195B-4903-B8BC-C393075537BF}.Release|x64.ActiveCfg = Release|Any CPU
		{A7123A1A-195B-4903-B8BC-C393075537BF}.Release|x64.Build.0 = Release|Any CPU
		{A7123A1A-195B-4903-B8BC-C393075537BF}.Release|x64.Deploy.0 = Release|Any CPU
		{A7123A1A-195B-4903-B8BC-C393075537BF}.Release|x86.ActiveCfg = Release|Any CPU
		{A7123A1A-195B-4903-B8BC-C393075537BF}.Release|x86.Build.0 = Release|Any CPU
		{A7123A1A-195B-4903-B8BC-C393075537BF}.Release|x86.Deploy.0 = Release|Any CPU
	EndGlobalSection
	GlobalSection(SolutionProperties) = preSolution
		HideSolutionNode = FALSE
	EndGlobalSection
	GlobalSection(ExtensibilityGlobals) = postSolution
		SolutionGuid = {F03FB359-7038-46E3-A1CC-A4E6566BE05F}
	EndGlobalSection
EndGlobal
